# THIS IS AN AUTOGENERATED FILE. DO NOT EDIT THIS FILE DIRECTLY.
# yarn lockfile v1


commander@^8.3.0:
  version "8.3.0"
  resolved "https://registry.yarnpkg.com/commander/-/commander-8.3.0.tgz#4837ea1b2da67b9c616a67afbb0fafee567bca66"
  integrity sha512-OkTL9umf+He2DZkUq8f8J9of7yL6RJKI24dVITBmNfZBmri9zYZQrKkuXiKhyfPSu8tUhnVBB1iKXevvnlR4Ww==

estraverse@4.2.0:
  version "4.2.0"
  resolved "https://registry.yarnpkg.com/estraverse/-/estraverse-4.2.0.tgz#0dee3fed31fcd469618ce7342099fc1afa0bdb13"
  integrity sha1-De4/7TH81GlhjOc0IJn8GvoL2xM=

esutils@^2.0.2:
  version "2.0.3"
  resolved "https://registry.yarnpkg.com/esutils/-/esutils-2.0.3.tgz#74d2eb4de0b8da1293711910d50775b9b710ef64"
  integrity sha512-kVscqXk4OCp68SZ0dkgEKVi6/8ij300KBWTJq32P/dYeWTSwK41WyTxalN1eRmA5Z9UU/LX9D7FWSmV9SAYx6g==

multimap@1.0.2:
  version "1.0.2"
  resolved "https://registry.yarnpkg.com/multimap/-/multimap-1.0.2.tgz#6aa76fc3233905ba948bbe4c74dc2c3a0356eb36"
  integrity sha1-aqdvwyM5BbqUi75MdNwsOgNW6zY=

multimap@^1.0.2:
  version "1.1.0"
  resolved "https://registry.yarnpkg.com/multimap/-/multimap-1.1.0.tgz#5263febc085a1791c33b59bb3afc6a76a2a10ca8"
  integrity sha512-0ZIR9PasPxGXmRsEF8jsDzndzHDj7tIav+JUmvIFB/WHswliFnquxECT/De7GR4yg99ky/NlRKJT82G1y271bw==

object-assign@^4.1.0:
  version "4.1.1"
  resolved "https://registry.yarnpkg.com/object-assign/-/object-assign-4.1.1.tgz#2109adc7965887cfc05cbbd442cac8bfbb360863"
  integrity sha1-IQmtx5ZYh8/AXLvUQsrIv7s2CGM=

shift-ast@6.0.0:
  version "6.0.0"
  resolved "https://registry.yarnpkg.com/shift-ast/-/shift-ast-6.0.0.tgz#7af2b102f8f9e856d84b4f299dde1cb5424540cc"
  integrity sha512-XXxDcEBWVBzqWXfNYJlLyJ1/9kMvOXVRXiqPjkOrTCC5qRsBvEMJMRLLFhU3tn8ue56Y7IZyBE6bexFum5QLUw==

shift-codegen@^7.0.3:
  version "7.0.3"
  resolved "https://registry.yarnpkg.com/shift-codegen/-/shift-codegen-7.0.3.tgz#3639be38e6d096a85123f66e3bd15d2ccaf84473"
  integrity sha512-dfCVVdBF0qZ6pkajQ3bjxRdNEltyxEITVe7tBJkQt2eCI3znUkSxq0VSe/tTWq1LKHeAS4HuOiqYEuHMFkSq9w==
  dependencies:
    esutils "^2.0.2"
    object-assign "^4.1.0"
    shift-reducer "6.0.0"

shift-parser@^7.0.3:
  version "7.0.3"
  resolved "https://registry.yarnpkg.com/shift-parser/-/shift-parser-7.0.3.tgz#b2d042d2bfc46a9116b87ce20a28f06a6f30e4e7"
  integrity sha512-uYX2ORyZfKZrUc4iKKkO9KOhzUSxCrSBk7QK6ZmShId+BOo1gh1IwecVy97ynyOTpmhPWUttjC8BzsnQl65Zew==
  dependencies:
    multimap "^1.0.2"
    shift-ast "6.0.0"
    shift-reducer "6.0.0"
    shift-regexp-acceptor "2.0.3"

shift-query@^1.0.2:
  version "1.0.2"
  resolved "https://registry.yarnpkg.com/shift-query/-/shift-query-1.0.2.tgz#2bc63f603a67409264fa32a4bd710b655e6308b5"
  integrity sha512-tgYZE58U/wl3wiAsDVB7UnuMZVL8TAlLoYu0lBGvs/Kj2cywJKl54BrwUerdkA1cMieiyNx1SbBG5+mOntTIBQ==
  dependencies:
    shift-traverser "^1.0.0"

shift-reducer@6.0.0, shift-reducer@^6.0.0:
  version "6.0.0"
  resolved "https://registry.yarnpkg.com/shift-reducer/-/shift-reducer-6.0.0.tgz#f0d4b3d4a2f5cdb606ff2e7b116759f790671d20"
  integrity sha512-2rJraRP8drIOjvaE/sALa+0tGJmMVUzlmS3wIJerJbaYuCjpFAiF0WjkTOFVtz1144Nm/ECmqeG+7yRhuMVsMg==
  dependencies:
    shift-ast "6.0.0"

shift-regexp-acceptor@2.0.3:
  version "2.0.3"
  resolved "https://registry.yarnpkg.com/shift-regexp-acceptor/-/shift-regexp-acceptor-2.0.3.tgz#a607c3b622994639f69946c6261a65664228739c"
  integrity sha512-sxL7e5JNUFxm+gutFRXktX2D6KVgDAHNuDsk5XHB9Z+N5yXooZG6pdZ1GEbo3Jz6lF7ETYLBC4WAjIFm2RKTmA==
  dependencies:
    unicode-match-property-ecmascript "1.0.4"
    unicode-match-property-value-ecmascript "1.0.2"
    unicode-property-aliases-ecmascript "1.0.4"

shift-scope@^5.0.0:
  version "5.0.0"
  resolved "https://registry.yarnpkg.com/shift-scope/-/shift-scope-5.0.0.tgz#a11b6aacf750c0e5f304c94ff3f17ec1f6ce9da9"
  integrity sha512-SmshD5axEiDj2h0pAOWHDWi/JU7yktfrdejAHNl/a8Dm6HLcul4Pl264t5LzD9ZxbeCYhnhOvtfvne9NtVirZw==
  dependencies:
    multimap "1.0.2"
    shift-reducer "6.0.0"
    shift-spec "2018.0.2"

shift-spec@2018.0.0:
  version "2018.0.0"
  resolved "https://registry.yarnpkg.com/shift-spec/-/shift-spec-2018.0.0.tgz#80e75df8a0308a7e977364b64d563646d8abd189"
  integrity sha512-/aiPOkj7dbe+CV2VZhIMTHQToZmgniofpRG7Yr7x2/0sO6CSVC++py1Wzf+s+rWSTDHKcLvziVAxjRRV4i4EoQ==

shift-spec@2018.0.2:
  version "2018.0.2"
  resolved "https://registry.yarnpkg.com/shift-spec/-/shift-spec-2018.0.2.tgz#c0dc613d8a01509407c68ba9d03ddd29dd51846b"
  integrity sha512-5CP/cKDEim4rZ6ViCSipTLY2U7HJr8q/kpDuCBmebFqbx/0DeozWO+9ienHmYjgGLDfHrqj+LBAN67FRK2vE6w==

shift-traverser@^1.0.0:
  version "1.0.0"
  resolved "https://registry.yarnpkg.com/shift-traverser/-/shift-traverser-1.0.0.tgz#2a67686cc3c1401a2c1b3fe246e41652468005e0"
  integrity sha512-DMY3512wJbdC+IC+nhLH3/Stgr2BbxbNcg7qyZ6+e5qNnNs8TBQJWdMsRgHlX1JXwF4C0ONKS8VUxsPT0Tf7aw==
  dependencies:
    estraverse "4.2.0"
    shift-spec "2018.0.0"

unicode-canonical-property-names-ecmascript@^1.0.4:
  version "1.0.4"
  resolved "https://registry.yarnpkg.com/unicode-canonical-property-names-ecmascript/-/unicode-canonical-property-names-ecmascript-1.0.4.tgz#2619800c4c825800efdd8343af7dd9933cbe2818"
  integrity sha512-jDrNnXWHd4oHiTZnx/ZG7gtUTVp+gCcTTKr8L0HjlwphROEW3+Him+IpvC+xcJEFegapiMZyZe02CyuOnRmbnQ==

unicode-match-property-ecmascript@1.0.4:
  version "1.0.4"
  resolved "https://registry.yarnpkg.com/unicode-match-property-ecmascript/-/unicode-match-property-ecmascript-1.0.4.tgz#8ed2a32569961bce9227d09cd3ffbb8fed5f020c"
  integrity sha512-L4Qoh15vTfntsn4P1zqnHulG0LdXgjSO035fEpdtp6YxXhMT51Q6vgM5lYdG/5X3MjS+k/Y9Xw4SFCY9IkR0rg==
  dependencies:
    unicode-canonical-property-names-ecmascript "^1.0.4"
    unicode-property-aliases-ecmascript "^1.0.4"

unicode-match-property-value-ecmascript@1.0.2:
  version "1.0.2"
  resolved "https://registry.yarnpkg.com/unicode-match-property-value-ecmascript/-/unicode-match-property-value-ecmascript-1.0.2.tgz#9f1dc76926d6ccf452310564fd834ace059663d4"
  integrity sha512-Rx7yODZC1L/T8XKo/2kNzVAQaRE88AaMvI1EF/Xnj3GW2wzN6fop9DDWuFAKUVFH7vozkz26DzP0qyWLKLIVPQ==

unicode-property-aliases-ecmascript@1.0.4:
  version "1.0.4"
  resolved "https://registry.yarnpkg.com/unicode-property-aliases-ecmascript/-/unicode-property-aliases-ecmascript-1.0.4.tgz#5a533f31b4317ea76f17d807fa0d116546111dd0"
  integrity sha512-2WSLa6OdYd2ng8oqiGIWnJqyFArvhn+5vgx5GTxMbUYjCYKUcuKS62YLFF0R/BDGlB1yzXjQOLtPAfHsgirEpg==

unicode-property-aliases-ecmascript@^1.0.4:
  version "1.1.0"
  resolved "https://registry.yarnpkg.com/unicode-property-aliases-ecmascript/-/unicode-property-aliases-ecmascript-1.1.0.tgz#dd57a99f6207bedff4628abefb94c50db941c8f4"
  integrity sha512-PqSoPh/pWetQ2phoj5RLiaqIk4kCNwoV3CI+LfGmWLKI3rE3kl1h59XpX2BjgDrmbxD9ARtQobPGU1SguCYuQg==
